
Microsoft Visual Studio Solution File, Format Version 12.00
# Visual Studio Version 17
VisualStudioVersion = 17.10.35122.118
MinimumVisualStudioVersion = 10.0.40219.1
Project("{FAE04EC0-301F-11D3-BF4B-00C04F79EFBC}") = "Dugneon Movers", "Dugneon Movers.csproj", "{A74220F1-2B37-42ED-A376-CC7981AFCA10}"
EndProject
Global
	GlobalSection(SolutionConfigurationPlatforms) = preSolution
		Debug|Any CPU = Debug|Any CPU
		Release|Any CPU = Release|Any CPU
	EndGlobalSection
	GlobalSection(ProjectConfigurationPlatforms) = postSolution
		{A74220F1-2B37-42ED-A376-CC7981AFCA10}.Debug|Any CPU.ActiveCfg = Debug|Any CPU
		{A74220F1-2B37-42ED-A376-CC7981AFCA10}.Debug|Any CPU.Build.0 = Debug|Any CPU
		{A74220F1-2B37-42ED-A376-CC7981AFCA10}.Release|Any CPU.ActiveCfg = Release|Any CPU
		{A74220F1-2B37-42ED-A376-CC7981AFCA10}.Release|Any CPU.Build.0 = Release|Any CPU
	EndGlobalSection
	GlobalSection(SolutionProperties) = preSolution
		HideSolutionNode = FALSE
	EndGlobalSection
	GlobalSection(ExtensibilityGlobals) = postSolution
		SolutionGuid = {A5A8E11C-6EA7-4F57-8482-8CE662F30FDD}
	EndGlobalSection
EndGlobal
